{
    "_readme": [
        "This file locks the dependencies of your project to a known state",
        "Read more about it at https://getcomposer.org/doc/01-basic-usage.md#installing-dependencies",
        "This file is @generated automatically"
    ],
    "content-hash": "e11d86937e973f92294f68a40c596869",
    "packages": [
        {
            "name": "chdemko/sorted-collections",
            "version": "1.0.10",
            "source": {
                "type": "git",
                "url": "https://github.com/chdemko/php-sorted-collections.git",
                "reference": "d9cf7021e6fda1eb68b9f35caf99215327f6db76"
            },
            "dist": {
                "type": "zip",
                "url": "https://api.github.com/repos/chdemko/php-sorted-collections/zipball/d9cf7021e6fda1eb68b9f35caf99215327f6db76",
                "reference": "d9cf7021e6fda1eb68b9f35caf99215327f6db76",
                "shasum": ""
            },
            "require": {
                "php": ">=8.2"
            },
            "require-dev": {
                "php-coveralls/php-coveralls": "^2.7",
                "phpbench/phpbench": "^1.3",
                "phpunit/phpunit": "^11.3",
                "squizlabs/php_codesniffer": "^3.10"
            },
            "type": "library",
            "extra": {
                "branch-alias": {
                    "dev-main": "1.0.x-dev"
                }
            },
            "autoload": {
                "psr-4": {
                    "chdemko\\SortedCollection\\": "src/SortedCollection"
                }
            },
            "notification-url": "https://packagist.org/downloads/",
            "license": [
                "BSD-3-Clause"
            ],
            "authors": [
                {
                    "name": "Christophe Demko",
                    "email": "chdemko@gmail.com",
                    "homepage": "https://chdemko.pagelab.univ-lr.fr/",
                    "role": "Developer"
                }
            ],
            "description": "Sorted Collections for PHP >= 8.1",
            "homepage": "https://php-sorted-collections.readthedocs.io/en/latest/?badge=latest",
            "keywords": [
                "avl",
                "collection",
                "iterator",
                "map",
                "ordered",
                "set",
                "sorted",
                "tree",
                "treemap",
                "treeset"
            ],
            "support": {
                "issues": "https://github.com/chdemko/php-sorted-collections/issues",
                "source": "https://github.com/chdemko/php-sorted-collections/tree/1.0.10"
            },
            "time": "2024-08-04T14:31:40+00:00"
        },
        {
            "name": "exussum12/xxhash",
            "version": "1.3",
            "source": {
                "type": "git",
                "url": "https://github.com/exussum12/xxhash.git",
                "reference": "f5567ec5739ffee27aa3469e5001b4759b1b9e0d"
            },
            "dist": {
                "type": "zip",
                "url": "https://api.github.com/repos/exussum12/xxhash/zipball/f5567ec5739ffee27aa3469e5001b4759b1b9e0d",
                "reference": "f5567ec5739ffee27aa3469e5001b4759b1b9e0d",
                "shasum": ""
            },
            "require": {
                "ext-bcmath": "*",
                "php": ">=7.4"
            },
            "require-dev": {
                "phpunit/phpunit": "^7.1|^8.0|^9.0"
            },
            "type": "library",
            "autoload": {
                "psr-4": {
                    "exussum12\\xxhash\\": "src"
                }
            },
            "notification-url": "https://packagist.org/downloads/",
            "license": [
                "BSD-2-Clause"
            ],
            "authors": [
                {
                    "name": "Scott Dutton",
                    "email": "scott@exussum.co.uk"
                }
            ],
            "description": "xxHash implementation in Pure PHP",
            "support": {
                "issues": "https://github.com/exussum12/xxhash/issues",
                "source": "https://github.com/exussum12/xxhash/tree/1.3"
            },
            "time": "2020-11-30T09:04:53+00:00"
        },
        {
            "name": "google/crc32",
            "version": "v0.1.0",
            "source": {
                "type": "git",
                "url": "https://github.com/google/php-crc32.git",
                "reference": "a8525f0dea6fca1893e1bae2f6e804c5f7d007fb"
            },
            "dist": {
                "type": "zip",
                "url": "https://api.github.com/repos/google/php-crc32/zipball/a8525f0dea6fca1893e1bae2f6e804c5f7d007fb",
                "reference": "a8525f0dea6fca1893e1bae2f6e804c5f7d007fb",
                "shasum": ""
            },
            "require": {
                "php": ">=5.4"
            },
            "require-dev": {
                "friendsofphp/php-cs-fixer": "^1.13 || v2.14.2",
                "paragonie/random_compat": ">=2",
                "phpunit/phpunit": "^4"
            },
            "type": "library",
            "autoload": {
                "psr-4": {
                    "Google\\CRC32\\": "src"
                }
            },
            "notification-url": "https://packagist.org/downloads/",
            "license": [
                "Apache-2.0"
            ],
            "authors": [
                {
                    "name": "Andrew Brampton",
                    "email": "bramp@google.com"
                }
            ],
            "description": "Various CRC32 implementations",
            "homepage": "https://github.com/google/php-crc32",
            "support": {
                "issues": "https://github.com/google/php-crc32/issues",
                "source": "https://github.com/google/php-crc32/tree/v0.1.0"
            },
            "abandoned": true,
            "time": "2019-05-09T06:24:58+00:00"
        },
        {
            "name": "longlang/phpkafka",
            "version": "v1.2.5",
            "source": {
                "type": "git",
                "url": "https://github.com/swoole/phpkafka.git",
                "reference": "f42bfa7c97b1f2c751e2a956e597b970407faad1"
            },
            "dist": {
                "type": "zip",
                "url": "https://api.github.com/repos/swoole/phpkafka/zipball/f42bfa7c97b1f2c751e2a956e597b970407faad1",
                "reference": "f42bfa7c97b1f2c751e2a956e597b970407faad1",
                "shasum": ""
            },
            "require": {
                "chdemko/sorted-collections": "^1.0",
                "exussum12/xxhash": "^1.0.0",
                "google/crc32": "^0.1.0",
                "php": ">=7.1",
                "symfony/polyfill-php81": "^1.23"
            },
            "require-dev": {
                "colinodell/json5": "^2.1",
                "friendsofphp/php-cs-fixer": "^2.18",
                "phpstan/phpstan": "^0.12.81",
                "phpunit/phpunit": "^7.5|^8.0|^9.0",
                "swoole/ide-helper": "^4.5"
            },
            "type": "library",
            "autoload": {
                "psr-4": {
                    "longlang\\phpkafka\\": "src"
                }
            },
            "notification-url": "https://packagist.org/downloads/",
            "license": [
                "Apache-2.0"
            ],
            "description": "A kafka client. Support php-fpm and Swoole.",
            "support": {
                "issues": "https://github.com/swoole/phpkafka/issues",
                "source": "https://github.com/swoole/phpkafka/tree/v1.2.5"
            },
            "time": "2023-10-13T01:40:42+00:00"
        },
        {
            "name": "monolog/monolog",
            "version": "3.10.0",
            "source": {
                "type": "git",
                "url": "https://github.com/Seldaek/monolog.git",
                "reference": "b321dd6749f0bf7189444158a3ce785cc16d69b0"
            },
            "dist": {
                "type": "zip",
                "url": "https://api.github.com/repos/Seldaek/monolog/zipball/b321dd6749f0bf7189444158a3ce785cc16d69b0",
                "reference": "b321dd6749f0bf7189444158a3ce785cc16d69b0",
                "shasum": ""
            },
            "require": {
                "php": ">=8.1",
                "psr/log": "^2.0 || ^3.0"
            },
            "provide": {
                "psr/log-implementation": "3.0.0"
            },
            "require-dev": {
                "aws/aws-sdk-php": "^3.0",
                "doctrine/couchdb": "~1.0@dev",
                "elasticsearch/elasticsearch": "^7 || ^8",
                "ext-json": "*",
                "graylog2/gelf-php": "^1.4.2 || ^2.0",
                "guzzlehttp/guzzle": "^7.4.5",
                "guzzlehttp/psr7": "^2.2",
                "mongodb/mongodb": "^1.8 || ^2.0",
                "php-amqplib/php-amqplib": "~2.4 || ^3",
                "php-console/php-console": "^3.1.8",
                "phpstan/phpstan": "^2",
                "phpstan/phpstan-deprecation-rules": "^2",
                "phpstan/phpstan-strict-rules": "^2",
                "phpunit/phpunit": "^10.5.17 || ^11.0.7",
                "predis/predis": "^1.1 || ^2",
                "rollbar/rollbar": "^4.0",
                "ruflin/elastica": "^7 || ^8",
                "symfony/mailer": "^5.4 || ^6",
                "symfony/mime": "^5.4 || ^6"
            },
            "suggest": {
                "aws/aws-sdk-php": "Allow sending log messages to AWS services like DynamoDB",
                "doctrine/couchdb": "Allow sending log messages to a CouchDB server",
                "elasticsearch/elasticsearch": "Allow sending log messages to an Elasticsearch server via official client",
                "ext-amqp": "Allow sending log messages to an AMQP server (1.0+ required)",
                "ext-curl": "Required to send log messages using the IFTTTHandler, the LogglyHandler, the SendGridHandler, the SlackWebhookHandler or the TelegramBotHandler",
                "ext-mbstring": "Allow to work properly with unicode symbols",
                "ext-mongodb": "Allow sending log messages to a MongoDB server (via driver)",
                "ext-openssl": "Required to send log messages using SSL",
                "ext-sockets": "Allow sending log messages to a Syslog server (via UDP driver)",
                "graylog2/gelf-php": "Allow sending log messages to a GrayLog2 server",
                "mongodb/mongodb": "Allow sending log messages to a MongoDB server (via library)",
                "php-amqplib/php-amqplib": "Allow sending log messages to an AMQP server using php-amqplib",
                "rollbar/rollbar": "Allow sending log messages to Rollbar",
                "ruflin/elastica": "Allow sending log messages to an Elastic Search server"
            },
            "type": "library",
            "extra": {
                "branch-alias": {
                    "dev-main": "3.x-dev"
                }
            },
            "autoload": {
                "psr-4": {
                    "Monolog\\": "src/Monolog"
                }
            },
            "notification-url": "https://packagist.org/downloads/",
            "license": [
                "MIT"
            ],
            "authors": [
                {
                    "name": "Jordi Boggiano",
                    "email": "j.boggiano@seld.be",
                    "homepage": "https://seld.be"
                }
            ],
            "description": "Sends your logs to files, sockets, inboxes, databases and various web services",
            "homepage": "https://github.com/Seldaek/monolog",
            "keywords": [
                "log",
                "logging",
                "psr-3"
            ],
            "support": {
                "issues": "https://github.com/Seldaek/monolog/issues",
                "source": "https://github.com/Seldaek/monolog/tree/3.10.0"
            },
            "funding": [
                {
                    "url": "https://github.com/Seldaek",
                    "type": "github"
                },
                {
                    "url": "https://tidelift.com/funding/github/packagist/monolog/monolog",
                    "type": "tidelift"
                }
            ],
            "time": "2026-01-02T08:56:05+00:00"
        },
        {
            "name": "psr/log",
            "version": "3.0.2",
            "source": {
                "type": "git",
                "url": "https://github.com/php-fig/log.git",
                "reference": "f16e1d5863e37f8d8c2a01719f5b34baa2b714d3"
            },
            "dist": {
                "type": "zip",
                "url": "https://api.github.com/repos/php-fig/log/zipball/f16e1d5863e37f8d8c2a01719f5b34baa2b714d3",
                "reference": "f16e1d5863e37f8d8c2a01719f5b34baa2b714d3",
                "shasum": ""
            },
            "require": {
                "php": ">=8.0.0"
            },
            "type": "library",
            "extra": {
                "branch-alias": {
                    "dev-master": "3.x-dev"
                }
            },
            "autoload": {
                "psr-4": {
                    "Psr\\Log\\": "src"
                }
            },
            "notification-url": "https://packagist.org/downloads/",
            "license": [
                "MIT"
            ],
            "authors": [
                {
                    "name": "PHP-FIG",
                    "homepage": "https://www.php-fig.org/"
                }
            ],
            "description": "Common interface for logging libraries",
            "homepage": "https://github.com/php-fig/log",
            "keywords": [
                "log",
                "psr",
                "psr-3"
            ],
            "support": {
                "source": "https://github.com/php-fig/log/tree/3.0.2"
            },
            "time": "2024-09-11T13:17:53+00:00"
        },
        {
            "name": "symfony/polyfill-php81",
            "version": "v1.33.0",
            "source": {
                "type": "git",
                "url": "https://github.com/symfony/polyfill-php81.git",
                "reference": "4a4cfc2d253c21a5ad0e53071df248ed48c6ce5c"
            },
            "dist": {
                "type": "zip",
                "url": "https://api.github.com/repos/symfony/polyfill-php81/zipball/4a4cfc2d253c21a5ad0e53071df248ed48c6ce5c",
                "reference": "4a4cfc2d253c21a5ad0e53071df248ed48c6ce5c",
                "shasum": ""
            },
            "require": {
                "php": ">=7.2"
            },
            "type": "library",
            "extra": {
                "thanks": {
                    "url": "https://github.com/symfony/polyfill",
                    "name": "symfony/polyfill"
                }
            },
            "autoload": {
                "files": [
                    "bootstrap.php"
                ],
                "psr-4": {
                    "Symfony\\Polyfill\\Php81\\": ""
                },
                "classmap": [
                    "Resources/stubs"
                ]
            },
            "notification-url": "https://packagist.org/downloads/",
            "license": [
                "MIT"
            ],
            "authors": [
                {
                    "name": "Nicolas Grekas",
                    "email": "p@tchwork.com"
                },
                {
                    "name": "Symfony Community",
                    "homepage": "https://symfony.com/contributors"
                }
            ],
            "description": "Symfony polyfill backporting some PHP 8.1+ features to lower PHP versions",
            "homepage": "https://symfony.com",
            "keywords": [
                "compatibility",
                "polyfill",
                "portable",
                "shim"
            ],
            "support": {
                "source": "https://github.com/symfony/polyfill-php81/tree/v1.33.0"
            },
            "funding": [
                {
                    "url": "https://symfony.com/sponsor",
                    "type": "custom"
                },
                {
                    "url": "https://github.com/fabpot",
                    "type": "github"
                },
                {
                    "url": "https://github.com/nicolas-grekas",
                    "type": "github"
                },
                {
                    "url": "https://tidelift.com/funding/github/packagist/symfony/symfony",
                    "type": "tidelift"
                }
            ],
            "time": "2024-09-09T11:45:10+00:00"
        }
    ],
    "packages-dev": [
        {
            "name": "kwn/php-rdkafka-stubs",
            "version": "v3.0.0",
            "source": {
                "type": "git",
                "url": "https://github.com/kwn/php-rdkafka-stubs.git",
                "reference": "c1e743c5d1685c7ade27d588f44bef614d0705bc"
            },
            "dist": {
                "type": "zip",
                "url": "https://api.github.com/repos/kwn/php-rdkafka-stubs/zipball/c1e743c5d1685c7ade27d588f44bef614d0705bc",
                "reference": "c1e743c5d1685c7ade27d588f44bef614d0705bc",
                "shasum": ""
            },
            "require": {
                "ext-rdkafka": ">=6.0"
            },
            "require-dev": {
                "phpunit/phpunit": "^8.2.4"
            },
            "type": "library",
            "notification-url": "https://packagist.org/downloads/",
            "license": [
                "MIT"
            ],
            "authors": [
                {
                    "name": "Karol Wnuk",
                    "email": "k.wnuk@ascetic.pl"
                }
            ],
            "description": "Rdkafka extension stubs for your IDE",
            "support": {
                "issues": "https://github.com/kwn/php-rdkafka-stubs/issues",
                "source": "https://github.com/kwn/php-rdkafka-stubs/tree/v3.0.0"
            },
            "time": "2025-11-26T20:04:16+00:00"
        }
    ],
    "aliases": [],
    "minimum-stability": "stable",
    "stability-flags": {},
    "prefer-stable": false,
    "prefer-lowest": false,
    "platform": {},
    "platform-dev": {},
    "plugin-api-version": "2.9.0"
}
